<?xml version="1.0" encoding="utf-8"?>
<Project ToolsVersion="4.0" xmlns="http://schemas.microsoft.com/developer/msbuild/2003">
  <ItemGroup>
    <ClCompile Include="main.cpp" />
    <ClCompile Include="logger.cpp" />
    <ClCompile Include="xmppComponent.cpp" />
    <ClCompile Include="MessageHandler.cpp" />
    <ClCompile Include="RoboRoboFactory.cpp" />
    <ClCompile Include="RoboRobo.cpp" />
    <ClCompile Include="servo.cpp" />
    <ClCompile Include="ConnectionListener.cpp" />
    <ClCompile Include="commands\ServoCommand.cpp">
      <Filter>commands</Filter>
    </ClCompile>
    <ClCompile Include="commands\HelpCommand.cpp">
      <Filter>commands</Filter>
    </ClCompile>
    <ClCompile Include="commands\UnknownCommand.cpp">
      <Filter>commands</Filter>
    </ClCompile>
    <ClCompile Include="commands\LedCommand.cpp">
      <Filter>commands</Filter>
    </ClCompile>
    <ClCompile Include="Gpio.cpp" />
    <ClCompile Include="commands\TellCommand.cpp">
      <Filter>commands</Filter>
    </ClCompile>
    <ClCompile Include="commands\PlaySoundCommand.cpp">
      <Filter>commands</Filter>
    </ClCompile>
    <ClCompile Include="audio\SoundPlayer_linux.cpp">
      <Filter>audio</Filter>
    </ClCompile>
    <ClCompile Include="audio\SoundPlayer_windows.cpp">
      <Filter>audio</Filter>
    </ClCompile>
    <ClCompile Include="audio\SoundPlayerFactory.cpp">
      <Filter>audio</Filter>
    </ClCompile>
    <ClCompile Include="audio\SpeechSynthesizerFactory.cpp">
      <Filter>audio</Filter>
    </ClCompile>
    <ClCompile Include="audio\SpeechSynthesizerPs.cpp">
      <Filter>audio</Filter>
    </ClCompile>
    <ClCompile Include="audio\SpeechSynthesizerTts.cpp">
      <Filter>audio</Filter>
    </ClCompile>
    <ClCompile Include="audio\AlsaSoundPlayer.cpp">
      <Filter>audio</Filter>
    </ClCompile>
  </ItemGroup>
  <ItemGroup>
    <ClInclude Include="logger.h" />
    <ClInclude Include="xmppComponent.h" />
    <ClInclude Include="stubs\wiringPi.h">
      <Filter>stubs</Filter>
    </ClInclude>
    <ClInclude Include="MessageHandler.h" />
    <ClInclude Include="RoboRoboFactory.h" />
    <ClInclude Include="RoboRobo.h" />
    <ClInclude Include="servo.h" />
    <ClInclude Include="ConnectionListener.h" />
    <ClInclude Include="commands\ICommand.h">
      <Filter>commands</Filter>
    </ClInclude>
    <ClInclude Include="commands\ServoCommand.h">
      <Filter>commands</Filter>
    </ClInclude>
    <ClInclude Include="commands\HelpCommand.h">
      <Filter>commands</Filter>
    </ClInclude>
    <ClInclude Include="commands\UnknownCommand.h">
      <Filter>commands</Filter>
    </ClInclude>
    <ClInclude Include="commands\LedCommand.h">
      <Filter>commands</Filter>
    </ClInclude>
    <ClInclude Include="Gpio.h" />
    <ClInclude Include="commands\TellCommand.h">
      <Filter>commands</Filter>
    </ClInclude>
    <ClInclude Include="commands\PlaySoundCommand.h">
      <Filter>commands</Filter>
    </ClInclude>
    <ClInclude Include="audio\AlsaSoundPlayer.h">
      <Filter>audio</Filter>
    </ClInclude>
    <ClInclude Include="audio\ISoundPlayer.h">
      <Filter>audio</Filter>
    </ClInclude>
    <ClInclude Include="audio\ISpeechSynthesizer.h">
      <Filter>audio</Filter>
    </ClInclude>
    <ClInclude Include="audio\NullSoundPlayer.h">
      <Filter>audio</Filter>
    </ClInclude>
    <ClInclude Include="audio\SoundPlayer.h">
      <Filter>audio</Filter>
    </ClInclude>
    <ClInclude Include="audio\SoundPlayerFactory.h">
      <Filter>audio</Filter>
    </ClInclude>
    <ClInclude Include="audio\SpeechSynthesizerFactory.h">
      <Filter>audio</Filter>
    </ClInclude>
    <ClInclude Include="audio\SpeechSynthesizerPs.h">
      <Filter>audio</Filter>
    </ClInclude>
    <ClInclude Include="audio\SpeechSynthesizerTts.h">
      <Filter>audio</Filter>
    </ClInclude>
  </ItemGroup>
  <ItemGroup>
    <Filter Include="sounds">
      <UniqueIdentifier>{40ea731a-14c3-4f37-8712-f806c8a14678}</UniqueIdentifier>
    </Filter>
    <Filter Include="stubs">
      <UniqueIdentifier>{96edac7f-c1b2-4c04-b6f6-0fee7679578f}</UniqueIdentifier>
    </Filter>
    <Filter Include="commands">
      <UniqueIdentifier>{23b6f2c5-8532-41e9-a05e-326240bf4dc3}</UniqueIdentifier>
    </Filter>
    <Filter Include="audio">
      <UniqueIdentifier>{d1898a38-cd49-4ce8-be59-fc2c4c9855f6}</UniqueIdentifier>
    </Filter>
  </ItemGroup>
  <ItemGroup>
    <Text Include="CMakeLists.txt" />
  </ItemGroup>
  <ItemGroup>
    <Media Include="sounds\apocalypse.wav">
      <Filter>sounds</Filter>
    </Media>
    <Media Include="sounds\base.wav">
      <Filter>sounds</Filter>
    </Media>
    <Media Include="sounds\burning.wav">
      <Filter>sounds</Filter>
    </Media>
    <Media Include="sounds\napalm.wav">
      <Filter>sounds</Filter>
    </Media>
    <Media Include="sounds\nuclear.wav">
      <Filter>sounds</Filter>
    </Media>
    <Media Include="sounds\system.wav">
      <Filter>sounds</Filter>
    </Media>
    <Media Include="sounds\yes.wav">
      <Filter>sounds</Filter>
    </Media>
  </ItemGroup>
  <ItemGroup>
    <None Include="audio\speak.ps1">
      <Filter>audio</Filter>
    </None>
  </ItemGroup>
</Project>